hash: fd635c9c54ae7f7bda9831ee3b8f6679f8d5afd0e8812fc376d7600c530687d1
updated: 2017-08-22T22:24:38.1468034+09:00
imports:
- name: github.com/go-fsnotify/fsnotify
  version: 629574ca2a5df945712d3079857300b5e4da0236
- name: golang.org/x/sys
  version: 07c182904dbd53199946ba614a412c61d3c548f5
  subpackages:
  - unix
testImports: []
